
Microsoft Visual Studio Solution File, Format Version 12.00
# Visual Studio Version 17
VisualStudioVersion = 17.4.33122.133
MinimumVisualStudioVersion = 10.0.40219.1
Project("{FAE04EC0-301F-11D3-BF4B-00C04F79EFBC}") = "Calculator IMC", "Calculator IMC\Calculator IMC.csproj", "{02474D10-568E-4F6A-BEE4-10CCEB11E009}"
EndProject
Global
	GlobalSection(SolutionConfigurationPlatforms) = preSolution
		Debug|Any CPU = Debug|Any CPU
		Release|Any CPU = Release|Any CPU
	EndGlobalSection
	GlobalSection(ProjectConfigurationPlatforms) = postSolution
		{02474D10-568E-4F6A-BEE4-10CCEB11E009}.Debug|Any CPU.ActiveCfg = Debug|Any CPU
		{02474D10-568E-4F6A-BEE4-10CCEB11E009}.Debug|Any CPU.Build.0 = Debug|Any CPU
		{02474D10-568E-4F6A-BEE4-10CCEB11E009}.Release|Any CPU.ActiveCfg = Release|Any CPU
		{02474D10-568E-4F6A-BEE4-10CCEB11E009}.Release|Any CPU.Build.0 = Release|Any CPU
	EndGlobalSection
	GlobalSection(SolutionProperties) = preSolution
		HideSolutionNode = FALSE
	EndGlobalSection
	GlobalSection(ExtensibilityGlobals) = postSolution
		SolutionGuid = {D0C0838F-D328-48F4-B40A-2CC3D129D367}
	EndGlobalSection
EndGlobal
